
Microsoft Visual Studio Solution File, Format Version 12.00
# Visual Studio Version 16
VisualStudioVersion = 16.0.29318.209
MinimumVisualStudioVersion = 10.0.40219.1
Project("{2150E333-8FDC-42A3-9474-1A3956D46DE8}") = "Infrastructure", "Infrastructure", "{9360B27A-4FE2-41DC-9045-49B2957F513B}"
EndProject
Project("{9A19103F-16F7-4668-BE54-9A1E7A4F7556}") = "App.Application.Commands", "src\App.Application.Commands\App.Application.Commands.csproj", "{3E6F76E0-9917-4B21-A51A-060A62F22B8D}"
EndProject
Project("{9A19103F-16F7-4668-BE54-9A1E7A4F7556}") = "App.Application.Queries", "src\App.Application.Queries\App.Application.Queries.csproj", "{E1D0FD97-54A4-45DE-9C38-0D25A5E58F03}"
EndProject
Project("{9A19103F-16F7-4668-BE54-9A1E7A4F7556}") = "App.Core", "src\App.Core\App.Core.csproj", "{31CF59AD-E285-4E20-8C51-7B7C147F3472}"
EndProject
Project("{2150E333-8FDC-42A3-9474-1A3956D46DE8}") = "Tests", "Tests", "{B6535BA3-7388-42AF-B0D6-CE7D8FF04AF5}"
EndProject
Project("{9A19103F-16F7-4668-BE54-9A1E7A4F7556}") = "App.WebApi.IntegrationTest", "Tests\App.WebApi.IntegrationTest\App.WebApi.IntegrationTest.csproj", "{1C4C48C3-D5F3-4291-9B0B-BA8815CFBAB4}"
EndProject
Project("{2150E333-8FDC-42A3-9474-1A3956D46DE8}") = "SeedWork", "SeedWork", "{B3C171F4-2CE2-4DCF-AC75-4E95B90D7D34}"
EndProject
Project("{9A19103F-16F7-4668-BE54-9A1E7A4F7556}") = "BinaryOrigin.SeedWork.Core", "src\SeedWork\BinaryOrigin.SeedWork.Core\BinaryOrigin.SeedWork.Core.csproj", "{425BF001-B29F-4AB2-ACFF-12F4FBE855E8}"
EndProject
Project("{9A19103F-16F7-4668-BE54-9A1E7A4F7556}") = "BinaryOrigin.SeedWork.Messages", "src\SeedWork\BinaryOrigin.SeedWork.Messages\BinaryOrigin.SeedWork.Messages.csproj", "{A66C25A0-D998-4979-8432-17F6FE19A205}"
EndProject
Project("{9A19103F-16F7-4668-BE54-9A1E7A4F7556}") = "BinaryOrigin.SeedWork.Persistence.Ef", "src\SeedWork\BinaryOrigin.SeedWork.Persistence\BinaryOrigin.SeedWork.Persistence.Ef.csproj", "{D411AFC7-6D05-44CE-B164-A1D4357DAF5E}"
EndProject
Project("{9A19103F-16F7-4668-BE54-9A1E7A4F7556}") = "BinaryOrigin.SeedWork.Persistence.SqlServer", "src\SeedWork\BinaryOrigin.SeedWork.Persistence.SqlServer\BinaryOrigin.SeedWork.Persistence.SqlServer.csproj", "{6972F1F2-DD3E-44AA-8230-97D3CCEA9CD0}"
EndProject
Project("{9A19103F-16F7-4668-BE54-9A1E7A4F7556}") = "BinaryOrigin.SeedWork.WebApi", "src\SeedWork\BinaryOrigin.SeedWork.WebApi\BinaryOrigin.SeedWork.WebApi.csproj", "{E73DA93D-7703-4C52-A75E-D8B53A8A49A2}"
EndProject
Project("{9A19103F-16F7-4668-BE54-9A1E7A4F7556}") = "BinaryOrigin.SeedWork.Infrastructure", "src\SeedWork\BinaryOrigin.SeedWork.Infrastructure\BinaryOrigin.SeedWork.Infrastructure.csproj", "{E761075C-342D-43F5-8CA5-E7390B00F407}"
EndProject
Project("{9A19103F-16F7-4668-BE54-9A1E7A4F7556}") = "BinaryOrigin.SeedWork.Persistence.MySql", "src\SeedWork\BinaryOrigin.SeedWork.Persistence.MySql\BinaryOrigin.SeedWork.Persistence.MySql.csproj", "{05D2F89B-112A-4A30-9BEA-56317E101B95}"
EndProject
Project("{9A19103F-16F7-4668-BE54-9A1E7A4F7556}") = "MyApp.IdentityServer", "src\MyApp.IdentityServer\MyApp.IdentityServer.csproj", "{AAFEFB87-E362-4D59-A1DD-02547079B78A}"
EndProject
Project("{9A19103F-16F7-4668-BE54-9A1E7A4F7556}") = "App.Infrastructure.Persistence.SqlServer", "src\App.Infrastructure.Persistence.SqlServer\App.Infrastructure.Persistence.SqlServer.csproj", "{CBF0F58C-8DAC-4BC7-9946-5179BE862DE5}"
EndProject
Project("{2150E333-8FDC-42A3-9474-1A3956D46DE8}") = "Application", "Application", "{BD38DB82-C3D4-4EC7-9F6B-610F43F52F85}"
EndProject
Project("{9A19103F-16F7-4668-BE54-9A1E7A4F7556}") = "App.WebApi", "src\App.WebApi\App.WebApi.csproj", "{891B6EF4-09E7-4F00-B79D-0E4B5F3BDBEF}"
EndProject
Project("{9A19103F-16F7-4668-BE54-9A1E7A4F7556}") = "App.Application.Events", "src\App.Application.Events\App.Application.Events.csproj", "{96681840-6280-426D-8EC1-DDFDC9F28007}"
EndProject
Global
	GlobalSection(SolutionConfigurationPlatforms) = preSolution
		Debug|Any CPU = Debug|Any CPU
		Release|Any CPU = Release|Any CPU
	EndGlobalSection
	GlobalSection(ProjectConfigurationPlatforms) = postSolution
		{3E6F76E0-9917-4B21-A51A-060A62F22B8D}.Debug|Any CPU.ActiveCfg = Debug|Any CPU
		{3E6F76E0-9917-4B21-A51A-060A62F22B8D}.Debug|Any CPU.Build.0 = Debug|Any CPU
		{3E6F76E0-9917-4B21-A51A-060A62F22B8D}.Release|Any CPU.ActiveCfg = Release|Any CPU
		{3E6F76E0-9917-4B21-A51A-060A62F22B8D}.Release|Any CPU.Build.0 = Release|Any CPU
		{E1D0FD97-54A4-45DE-9C38-0D25A5E58F03}.Debug|Any CPU.ActiveCfg = Debug|Any CPU
		{E1D0FD97-54A4-45DE-9C38-0D25A5E58F03}.Debug|Any CPU.Build.0 = Debug|Any CPU
		{E1D0FD97-54A4-45DE-9C38-0D25A5E58F03}.Release|Any CPU.ActiveCfg = Release|Any CPU
		{E1D0FD97-54A4-45DE-9C38-0D25A5E58F03}.Release|Any CPU.Build.0 = Release|Any CPU
		{31CF59AD-E285-4E20-8C51-7B7C147F3472}.Debug|Any CPU.ActiveCfg = Debug|Any CPU
		{31CF59AD-E285-4E20-8C51-7B7C147F3472}.Debug|Any CPU.Build.0 = Debug|Any CPU
		{31CF59AD-E285-4E20-8C51-7B7C147F3472}.Release|Any CPU.ActiveCfg = Release|Any CPU
		{31CF59AD-E285-4E20-8C51-7B7C147F3472}.Release|Any CPU.Build.0 = Release|Any CPU
		{1C4C48C3-D5F3-4291-9B0B-BA8815CFBAB4}.Debug|Any CPU.ActiveCfg = Debug|Any CPU
		{1C4C48C3-D5F3-4291-9B0B-BA8815CFBAB4}.Debug|Any CPU.Build.0 = Debug|Any CPU
		{1C4C48C3-D5F3-4291-9B0B-BA8815CFBAB4}.Release|Any CPU.ActiveCfg = Release|Any CPU
		{1C4C48C3-D5F3-4291-9B0B-BA8815CFBAB4}.Release|Any CPU.Build.0 = Release|Any CPU
		{425BF001-B29F-4AB2-ACFF-12F4FBE855E8}.Debug|Any CPU.ActiveCfg = Debug|Any CPU
		{425BF001-B29F-4AB2-ACFF-12F4FBE855E8}.Debug|Any CPU.Build.0 = Debug|Any CPU
		{425BF001-B29F-4AB2-ACFF-12F4FBE855E8}.Release|Any CPU.ActiveCfg = Release|Any CPU
		{425BF001-B29F-4AB2-ACFF-12F4FBE855E8}.Release|Any CPU.Build.0 = Release|Any CPU
		{A66C25A0-D998-4979-8432-17F6FE19A205}.Debug|Any CPU.ActiveCfg = Debug|Any CPU
		{A66C25A0-D998-4979-8432-17F6FE19A205}.Debug|Any CPU.Build.0 = Debug|Any CPU
		{A66C25A0-D998-4979-8432-17F6FE19A205}.Release|Any CPU.ActiveCfg = Release|Any CPU
		{A66C25A0-D998-4979-8432-17F6FE19A205}.Release|Any CPU.Build.0 = Release|Any CPU
		{D411AFC7-6D05-44CE-B164-A1D4357DAF5E}.Debug|Any CPU.ActiveCfg = Debug|Any CPU
		{D411AFC7-6D05-44CE-B164-A1D4357DAF5E}.Debug|Any CPU.Build.0 = Debug|Any CPU
		{D411AFC7-6D05-44CE-B164-A1D4357DAF5E}.Release|Any CPU.ActiveCfg = Release|Any CPU
		{D411AFC7-6D05-44CE-B164-A1D4357DAF5E}.Release|Any CPU.Build.0 = Release|Any CPU
		{6972F1F2-DD3E-44AA-8230-97D3CCEA9CD0}.Debug|Any CPU.ActiveCfg = Debug|Any CPU
		{6972F1F2-DD3E-44AA-8230-97D3CCEA9CD0}.Debug|Any CPU.Build.0 = Debug|Any CPU
		{6972F1F2-DD3E-44AA-8230-97D3CCEA9CD0}.Release|Any CPU.ActiveCfg = Release|Any CPU
		{6972F1F2-DD3E-44AA-8230-97D3CCEA9CD0}.Release|Any CPU.Build.0 = Release|Any CPU
		{E73DA93D-7703-4C52-A75E-D8B53A8A49A2}.Debug|Any CPU.ActiveCfg = Debug|Any CPU
		{E73DA93D-7703-4C52-A75E-D8B53A8A49A2}.Debug|Any CPU.Build.0 = Debug|Any CPU
		{E73DA93D-7703-4C52-A75E-D8B53A8A49A2}.Release|Any CPU.ActiveCfg = Release|Any CPU
		{E73DA93D-7703-4C52-A75E-D8B53A8A49A2}.Release|Any CPU.Build.0 = Release|Any CPU
		{E761075C-342D-43F5-8CA5-E7390B00F407}.Debug|Any CPU.ActiveCfg = Debug|Any CPU
		{E761075C-342D-43F5-8CA5-E7390B00F407}.Debug|Any CPU.Build.0 = Debug|Any CPU
		{E761075C-342D-43F5-8CA5-E7390B00F407}.Release|Any CPU.ActiveCfg = Release|Any CPU
		{E761075C-342D-43F5-8CA5-E7390B00F407}.Release|Any CPU.Build.0 = Release|Any CPU
		{05D2F89B-112A-4A30-9BEA-56317E101B95}.Debug|Any CPU.ActiveCfg = Debug|Any CPU
		{05D2F89B-112A-4A30-9BEA-56317E101B95}.Debug|Any CPU.Build.0 = Debug|Any CPU
		{05D2F89B-112A-4A30-9BEA-56317E101B95}.Release|Any CPU.ActiveCfg = Release|Any CPU
		{05D2F89B-112A-4A30-9BEA-56317E101B95}.Release|Any CPU.Build.0 = Release|Any CPU
		{AAFEFB87-E362-4D59-A1DD-02547079B78A}.Debug|Any CPU.ActiveCfg = Debug|Any CPU
		{AAFEFB87-E362-4D59-A1DD-02547079B78A}.Debug|Any CPU.Build.0 = Debug|Any CPU
		{AAFEFB87-E362-4D59-A1DD-02547079B78A}.Release|Any CPU.ActiveCfg = Release|Any CPU
		{AAFEFB87-E362-4D59-A1DD-02547079B78A}.Release|Any CPU.Build.0 = Release|Any CPU
		{CBF0F58C-8DAC-4BC7-9946-5179BE862DE5}.Debug|Any CPU.ActiveCfg = Debug|Any CPU
		{CBF0F58C-8DAC-4BC7-9946-5179BE862DE5}.Debug|Any CPU.Build.0 = Debug|Any CPU
		{CBF0F58C-8DAC-4BC7-9946-5179BE862DE5}.Release|Any CPU.ActiveCfg = Release|Any CPU
		{CBF0F58C-8DAC-4BC7-9946-5179BE862DE5}.Release|Any CPU.Build.0 = Release|Any CPU
		{891B6EF4-09E7-4F00-B79D-0E4B5F3BDBEF}.Debug|Any CPU.ActiveCfg = Debug|Any CPU
		{891B6EF4-09E7-4F00-B79D-0E4B5F3BDBEF}.Debug|Any CPU.Build.0 = Debug|Any CPU
		{891B6EF4-09E7-4F00-B79D-0E4B5F3BDBEF}.Release|Any CPU.ActiveCfg = Release|Any CPU
		{891B6EF4-09E7-4F00-B79D-0E4B5F3BDBEF}.Release|Any CPU.Build.0 = Release|Any CPU
		{96681840-6280-426D-8EC1-DDFDC9F28007}.Debug|Any CPU.ActiveCfg = Debug|Any CPU
		{96681840-6280-426D-8EC1-DDFDC9F28007}.Debug|Any CPU.Build.0 = Debug|Any CPU
		{96681840-6280-426D-8EC1-DDFDC9F28007}.Release|Any CPU.ActiveCfg = Release|Any CPU
		{96681840-6280-426D-8EC1-DDFDC9F28007}.Release|Any CPU.Build.0 = Release|Any CPU
	EndGlobalSection
	GlobalSection(SolutionProperties) = preSolution
		HideSolutionNode = FALSE
	EndGlobalSection
	GlobalSection(NestedProjects) = preSolution
		{3E6F76E0-9917-4B21-A51A-060A62F22B8D} = {BD38DB82-C3D4-4EC7-9F6B-610F43F52F85}
		{E1D0FD97-54A4-45DE-9C38-0D25A5E58F03} = {BD38DB82-C3D4-4EC7-9F6B-610F43F52F85}
		{1C4C48C3-D5F3-4291-9B0B-BA8815CFBAB4} = {B6535BA3-7388-42AF-B0D6-CE7D8FF04AF5}
		{425BF001-B29F-4AB2-ACFF-12F4FBE855E8} = {B3C171F4-2CE2-4DCF-AC75-4E95B90D7D34}
		{A66C25A0-D998-4979-8432-17F6FE19A205} = {B3C171F4-2CE2-4DCF-AC75-4E95B90D7D34}
		{D411AFC7-6D05-44CE-B164-A1D4357DAF5E} = {B3C171F4-2CE2-4DCF-AC75-4E95B90D7D34}
		{6972F1F2-DD3E-44AA-8230-97D3CCEA9CD0} = {B3C171F4-2CE2-4DCF-AC75-4E95B90D7D34}
		{E73DA93D-7703-4C52-A75E-D8B53A8A49A2} = {B3C171F4-2CE2-4DCF-AC75-4E95B90D7D34}
		{E761075C-342D-43F5-8CA5-E7390B00F407} = {B3C171F4-2CE2-4DCF-AC75-4E95B90D7D34}
		{05D2F89B-112A-4A30-9BEA-56317E101B95} = {B3C171F4-2CE2-4DCF-AC75-4E95B90D7D34}
		{CBF0F58C-8DAC-4BC7-9946-5179BE862DE5} = {9360B27A-4FE2-41DC-9045-49B2957F513B}
		{96681840-6280-426D-8EC1-DDFDC9F28007} = {BD38DB82-C3D4-4EC7-9F6B-610F43F52F85}
	EndGlobalSection
	GlobalSection(ExtensibilityGlobals) = postSolution
		SolutionGuid = {B037C612-A9EA-4CAA-8AA9-CCBA0166A250}
	EndGlobalSection
EndGlobal
