
Microsoft Visual Studio Solution File, Format Version 12.00
# Visual Studio 15
VisualStudioVersion = 15.0.27130.2010
MinimumVisualStudioVersion = 10.0.40219.1
Project("{2150E333-8FDC-42A3-9474-1A3956D46DE8}") = "Application.Core", "Application.Core", "{F57A6907-7979-4A6A-80D8-B59DA6FDAA87}"
EndProject
Project("{2150E333-8FDC-42A3-9474-1A3956D46DE8}") = "Application.Infrastructure", "Application.Infrastructure", "{B85B3CC0-2839-451C-9FAA-4FED2AEB133B}"
EndProject
Project("{2150E333-8FDC-42A3-9474-1A3956D46DE8}") = "Application.Presentation", "Application.Presentation", "{C498E528-94C9-430F-989E-674EA42FBFC5}"
EndProject
Project("{2150E333-8FDC-42A3-9474-1A3956D46DE8}") = "Application.Tests", "Application.Tests", "{7AFEC2DE-F11E-45C8-B8ED-DC3619DD2135}"
EndProject
Project("{9A19103F-16F7-4668-BE54-9A1E7A4F7556}") = "MyApp.Core", "Application.Core\MyApp.Core\MyApp.Core.csproj", "{4E12ABA9-47F9-41C9-AD65-0E4D8E9EA5C2}"
EndProject
Project("{9A19103F-16F7-4668-BE54-9A1E7A4F7556}") = "MyApp.Domain", "Application.Core\MyApp.Core.Domain\MyApp.Domain.csproj", "{69C94AAC-DD76-4453-9E9F-4BB746D386BF}"
EndProject
Project("{9A19103F-16F7-4668-BE54-9A1E7A4F7556}") = "MyApp.Application", "Application.Core\MyApp.Application\MyApp.Application.csproj", "{C4B9635F-D272-4E1E-96F6-143ED3090CBD}"
EndProject
Project("{9A19103F-16F7-4668-BE54-9A1E7A4F7556}") = "MyApp.IdentityServer", "Presentation\MyApp.IdentityServer\MyApp.IdentityServer.csproj", "{E1F06304-B204-4DD3-BD31-E9A5B37F71D9}"
EndProject
Project("{9A19103F-16F7-4668-BE54-9A1E7A4F7556}") = "MyApp.Infrastructure.Data.Migrations", "Application.Infrastructure\MyApp.Infrastructure.Data.Migrations\MyApp.Infrastructure.Data.Migrations.csproj", "{F992E6D4-0690-4AF9-ADD8-BD3E7D00C7AA}"
EndProject
Project("{9A19103F-16F7-4668-BE54-9A1E7A4F7556}") = "MyApp.Domain.Test", "Application.Tests\MyApp.Core.Domain.Test\MyApp.Domain.Test.csproj", "{A87434EB-285A-42FD-9BB4-FA9CC667B899}"
EndProject
Project("{9A19103F-16F7-4668-BE54-9A1E7A4F7556}") = "MyApp.Services.Tests", "Application.Tests\MyApp.Core.Services.Tests\MyApp.Services.Tests.csproj", "{A1E1F311-B552-4A2C-B530-C83787A73367}"
EndProject
Project("{9A19103F-16F7-4668-BE54-9A1E7A4F7556}") = "MyApp.Infrastructure", "Application.Infrastructure\MyApp.Infrastructure\MyApp.Infrastructure.csproj", "{0FB0CA85-F9B6-43B2-A778-3965147C335F}"
EndProject
Project("{9A19103F-16F7-4668-BE54-9A1E7A4F7556}") = "MyApp.Infrastructure.Data", "Application.Infrastructure\MyApp.Infrastructure.Data\MyApp.Infrastructure.Data.csproj", "{F6EBF77A-5F93-4236-9BDD-CCD68EE9908D}"
EndProject
Project("{9A19103F-16F7-4668-BE54-9A1E7A4F7556}") = "MyApp.Infrastructure.ExternalServices", "Application.Infrastructure\MyApp.Infrastructure.ExternalServices\MyApp.Infrastructure.ExternalServices.csproj", "{291E17A9-694A-4B78-BDB0-8F2886EA8C54}"
EndProject
Project("{9A19103F-16F7-4668-BE54-9A1E7A4F7556}") = "MyApp.Services", "Application.Core\MyApp.Services\MyApp.Services.csproj", "{E58922A1-FC43-4A64-B7F1-E3327E7E7BD2}"
EndProject
Project("{9A19103F-16F7-4668-BE54-9A1E7A4F7556}") = "MyApp.SharedKernel", "Application.Core\MyApp.SharedKernel\MyApp.SharedKernel.csproj", "{BD84A7B9-F348-4D91-A892-F4761CD68C28}"
EndProject
Project("{9A19103F-16F7-4668-BE54-9A1E7A4F7556}") = "MyApp.WebApi", "Presentation\MyApp.WebApi\MyApp.WebApi.csproj", "{BF2BE7BD-CECD-456A-B9C4-1FD1FA3E9CF8}"
EndProject
Global
	GlobalSection(SolutionConfigurationPlatforms) = preSolution
		Debug|Any CPU = Debug|Any CPU
		Release|Any CPU = Release|Any CPU
	EndGlobalSection
	GlobalSection(ProjectConfigurationPlatforms) = postSolution
		{4E12ABA9-47F9-41C9-AD65-0E4D8E9EA5C2}.Debug|Any CPU.ActiveCfg = Debug|Any CPU
		{4E12ABA9-47F9-41C9-AD65-0E4D8E9EA5C2}.Debug|Any CPU.Build.0 = Debug|Any CPU
		{4E12ABA9-47F9-41C9-AD65-0E4D8E9EA5C2}.Release|Any CPU.ActiveCfg = Release|Any CPU
		{4E12ABA9-47F9-41C9-AD65-0E4D8E9EA5C2}.Release|Any CPU.Build.0 = Release|Any CPU
		{69C94AAC-DD76-4453-9E9F-4BB746D386BF}.Debug|Any CPU.ActiveCfg = Debug|Any CPU
		{69C94AAC-DD76-4453-9E9F-4BB746D386BF}.Debug|Any CPU.Build.0 = Debug|Any CPU
		{69C94AAC-DD76-4453-9E9F-4BB746D386BF}.Release|Any CPU.ActiveCfg = Release|Any CPU
		{69C94AAC-DD76-4453-9E9F-4BB746D386BF}.Release|Any CPU.Build.0 = Release|Any CPU
		{C4B9635F-D272-4E1E-96F6-143ED3090CBD}.Debug|Any CPU.ActiveCfg = Debug|Any CPU
		{C4B9635F-D272-4E1E-96F6-143ED3090CBD}.Debug|Any CPU.Build.0 = Debug|Any CPU
		{C4B9635F-D272-4E1E-96F6-143ED3090CBD}.Release|Any CPU.ActiveCfg = Release|Any CPU
		{C4B9635F-D272-4E1E-96F6-143ED3090CBD}.Release|Any CPU.Build.0 = Release|Any CPU
		{E1F06304-B204-4DD3-BD31-E9A5B37F71D9}.Debug|Any CPU.ActiveCfg = Debug|Any CPU
		{E1F06304-B204-4DD3-BD31-E9A5B37F71D9}.Debug|Any CPU.Build.0 = Debug|Any CPU
		{E1F06304-B204-4DD3-BD31-E9A5B37F71D9}.Release|Any CPU.ActiveCfg = Release|Any CPU
		{E1F06304-B204-4DD3-BD31-E9A5B37F71D9}.Release|Any CPU.Build.0 = Release|Any CPU
		{F992E6D4-0690-4AF9-ADD8-BD3E7D00C7AA}.Debug|Any CPU.ActiveCfg = Debug|Any CPU
		{F992E6D4-0690-4AF9-ADD8-BD3E7D00C7AA}.Debug|Any CPU.Build.0 = Debug|Any CPU
		{F992E6D4-0690-4AF9-ADD8-BD3E7D00C7AA}.Release|Any CPU.ActiveCfg = Release|Any CPU
		{F992E6D4-0690-4AF9-ADD8-BD3E7D00C7AA}.Release|Any CPU.Build.0 = Release|Any CPU
		{A87434EB-285A-42FD-9BB4-FA9CC667B899}.Debug|Any CPU.ActiveCfg = Debug|Any CPU
		{A87434EB-285A-42FD-9BB4-FA9CC667B899}.Debug|Any CPU.Build.0 = Debug|Any CPU
		{A87434EB-285A-42FD-9BB4-FA9CC667B899}.Release|Any CPU.ActiveCfg = Release|Any CPU
		{A87434EB-285A-42FD-9BB4-FA9CC667B899}.Release|Any CPU.Build.0 = Release|Any CPU
		{A1E1F311-B552-4A2C-B530-C83787A73367}.Debug|Any CPU.ActiveCfg = Debug|Any CPU
		{A1E1F311-B552-4A2C-B530-C83787A73367}.Debug|Any CPU.Build.0 = Debug|Any CPU
		{A1E1F311-B552-4A2C-B530-C83787A73367}.Release|Any CPU.ActiveCfg = Release|Any CPU
		{A1E1F311-B552-4A2C-B530-C83787A73367}.Release|Any CPU.Build.0 = Release|Any CPU
		{0FB0CA85-F9B6-43B2-A778-3965147C335F}.Debug|Any CPU.ActiveCfg = Debug|Any CPU
		{0FB0CA85-F9B6-43B2-A778-3965147C335F}.Debug|Any CPU.Build.0 = Debug|Any CPU
		{0FB0CA85-F9B6-43B2-A778-3965147C335F}.Release|Any CPU.ActiveCfg = Release|Any CPU
		{0FB0CA85-F9B6-43B2-A778-3965147C335F}.Release|Any CPU.Build.0 = Release|Any CPU
		{F6EBF77A-5F93-4236-9BDD-CCD68EE9908D}.Debug|Any CPU.ActiveCfg = Debug|Any CPU
		{F6EBF77A-5F93-4236-9BDD-CCD68EE9908D}.Debug|Any CPU.Build.0 = Debug|Any CPU
		{F6EBF77A-5F93-4236-9BDD-CCD68EE9908D}.Release|Any CPU.ActiveCfg = Release|Any CPU
		{F6EBF77A-5F93-4236-9BDD-CCD68EE9908D}.Release|Any CPU.Build.0 = Release|Any CPU
		{291E17A9-694A-4B78-BDB0-8F2886EA8C54}.Debug|Any CPU.ActiveCfg = Debug|Any CPU
		{291E17A9-694A-4B78-BDB0-8F2886EA8C54}.Debug|Any CPU.Build.0 = Debug|Any CPU
		{291E17A9-694A-4B78-BDB0-8F2886EA8C54}.Release|Any CPU.ActiveCfg = Release|Any CPU
		{291E17A9-694A-4B78-BDB0-8F2886EA8C54}.Release|Any CPU.Build.0 = Release|Any CPU
		{E58922A1-FC43-4A64-B7F1-E3327E7E7BD2}.Debug|Any CPU.ActiveCfg = Debug|Any CPU
		{E58922A1-FC43-4A64-B7F1-E3327E7E7BD2}.Debug|Any CPU.Build.0 = Debug|Any CPU
		{E58922A1-FC43-4A64-B7F1-E3327E7E7BD2}.Release|Any CPU.ActiveCfg = Release|Any CPU
		{E58922A1-FC43-4A64-B7F1-E3327E7E7BD2}.Release|Any CPU.Build.0 = Release|Any CPU
		{BD84A7B9-F348-4D91-A892-F4761CD68C28}.Debug|Any CPU.ActiveCfg = Debug|Any CPU
		{BD84A7B9-F348-4D91-A892-F4761CD68C28}.Debug|Any CPU.Build.0 = Debug|Any CPU
		{BD84A7B9-F348-4D91-A892-F4761CD68C28}.Release|Any CPU.ActiveCfg = Release|Any CPU
		{BD84A7B9-F348-4D91-A892-F4761CD68C28}.Release|Any CPU.Build.0 = Release|Any CPU
		{BF2BE7BD-CECD-456A-B9C4-1FD1FA3E9CF8}.Debug|Any CPU.ActiveCfg = Debug|Any CPU
		{BF2BE7BD-CECD-456A-B9C4-1FD1FA3E9CF8}.Debug|Any CPU.Build.0 = Debug|Any CPU
		{BF2BE7BD-CECD-456A-B9C4-1FD1FA3E9CF8}.Release|Any CPU.ActiveCfg = Release|Any CPU
		{BF2BE7BD-CECD-456A-B9C4-1FD1FA3E9CF8}.Release|Any CPU.Build.0 = Release|Any CPU
	EndGlobalSection
	GlobalSection(SolutionProperties) = preSolution
		HideSolutionNode = FALSE
	EndGlobalSection
	GlobalSection(NestedProjects) = preSolution
		{4E12ABA9-47F9-41C9-AD65-0E4D8E9EA5C2} = {F57A6907-7979-4A6A-80D8-B59DA6FDAA87}
		{69C94AAC-DD76-4453-9E9F-4BB746D386BF} = {F57A6907-7979-4A6A-80D8-B59DA6FDAA87}
		{C4B9635F-D272-4E1E-96F6-143ED3090CBD} = {F57A6907-7979-4A6A-80D8-B59DA6FDAA87}
		{E1F06304-B204-4DD3-BD31-E9A5B37F71D9} = {C498E528-94C9-430F-989E-674EA42FBFC5}
		{F992E6D4-0690-4AF9-ADD8-BD3E7D00C7AA} = {B85B3CC0-2839-451C-9FAA-4FED2AEB133B}
		{A87434EB-285A-42FD-9BB4-FA9CC667B899} = {7AFEC2DE-F11E-45C8-B8ED-DC3619DD2135}
		{A1E1F311-B552-4A2C-B530-C83787A73367} = {7AFEC2DE-F11E-45C8-B8ED-DC3619DD2135}
		{0FB0CA85-F9B6-43B2-A778-3965147C335F} = {B85B3CC0-2839-451C-9FAA-4FED2AEB133B}
		{F6EBF77A-5F93-4236-9BDD-CCD68EE9908D} = {B85B3CC0-2839-451C-9FAA-4FED2AEB133B}
		{291E17A9-694A-4B78-BDB0-8F2886EA8C54} = {B85B3CC0-2839-451C-9FAA-4FED2AEB133B}
		{E58922A1-FC43-4A64-B7F1-E3327E7E7BD2} = {F57A6907-7979-4A6A-80D8-B59DA6FDAA87}
		{BD84A7B9-F348-4D91-A892-F4761CD68C28} = {F57A6907-7979-4A6A-80D8-B59DA6FDAA87}
		{BF2BE7BD-CECD-456A-B9C4-1FD1FA3E9CF8} = {C498E528-94C9-430F-989E-674EA42FBFC5}
	EndGlobalSection
	GlobalSection(ExtensibilityGlobals) = postSolution
		SolutionGuid = {8CD87F3F-3407-4CBE-9B36-F9098AEF9979}
	EndGlobalSection
EndGlobal
