
Microsoft Visual Studio Solution File, Format Version 12.00
# Visual Studio 15
VisualStudioVersion = 15.0.27703.2026
MinimumVisualStudioVersion = 10.0.40219.1
Project("{2150E333-8FDC-42A3-9474-1A3956D46DE8}") = "Application.Extensions", "Application.Extensions", "{CE379C94-4B48-432E-9AA7-E0D96BC0C837}"
EndProject
Project("{2150E333-8FDC-42A3-9474-1A3956D46DE8}") = "Application.Core", "Application.Core", "{F57A6907-7979-4A6A-80D8-B59DA6FDAA87}"
EndProject
Project("{2150E333-8FDC-42A3-9474-1A3956D46DE8}") = "Application.Infrastructure", "Application.Infrastructure", "{B85B3CC0-2839-451C-9FAA-4FED2AEB133B}"
EndProject
Project("{2150E333-8FDC-42A3-9474-1A3956D46DE8}") = "Application.Presentation", "Application.Presentation", "{C498E528-94C9-430F-989E-674EA42FBFC5}"
EndProject
Project("{2150E333-8FDC-42A3-9474-1A3956D46DE8}") = "Application.Tests", "Application.Tests", "{7AFEC2DE-F11E-45C8-B8ED-DC3619DD2135}"
EndProject
Project("{9A19103F-16F7-4668-BE54-9A1E7A4F7556}") = "MyApp.Core", "Application.Core\MyApp.Core\MyApp.Core.csproj", "{4E12ABA9-47F9-41C9-AD65-0E4D8E9EA5C2}"
EndProject
Project("{9A19103F-16F7-4668-BE54-9A1E7A4F7556}") = "MyApp.Core.Domain", "Application.Core\MyApp.Core.Domain\MyApp.Core.Domain.csproj", "{69C94AAC-DD76-4453-9E9F-4BB746D386BF}"
EndProject
Project("{9A19103F-16F7-4668-BE54-9A1E7A4F7556}") = "MyApp.Core.Domain.Services", "Application.Core\MyApp.Core.Domain.Services\MyApp.Core.Domain.Services.csproj", "{A4344FAD-62C3-4CE0-A92D-C18B1F69CF47}"
EndProject
Project("{9A19103F-16F7-4668-BE54-9A1E7A4F7556}") = "MyApp.Infrastructure.Cache", "Application.Infrastructure\MyApp.Cache\MyApp.Infrastructure.Cache.csproj", "{4C18B166-B7F4-477F-A4A6-F2CD9F09BEF3}"
EndProject
Project("{9A19103F-16F7-4668-BE54-9A1E7A4F7556}") = "MyApp.Infrastructure.Data", "Application.Infrastructure\MyApp.Data\MyApp.Infrastructure.Data.csproj", "{13C6CBB0-350A-441B-9385-3AE7A47E5D63}"
EndProject
Project("{9A19103F-16F7-4668-BE54-9A1E7A4F7556}") = "MyApp.Web.Framework", "Presentation\MyApp.Web.Framework\MyApp.Web.Framework.csproj", "{C4B9635F-D272-4E1E-96F6-143ED3090CBD}"
EndProject
Project("{9A19103F-16F7-4668-BE54-9A1E7A4F7556}") = "SPA", "Presentation\SPA\SPA.csproj", "{D75359DC-4A4B-4BCF-B419-6CC9F7E7E1F9}"
EndProject
Project("{9A19103F-16F7-4668-BE54-9A1E7A4F7556}") = "MyApp.IdentityServer", "Presentation\MyApp.IdentityServer\MyApp.IdentityServer.csproj", "{E1F06304-B204-4DD3-BD31-E9A5B37F71D9}"
EndProject
Project("{9A19103F-16F7-4668-BE54-9A1E7A4F7556}") = "MyApp.Core.Domain.Rules", "Application.Core\MyApp.Core.Domain.Rules\MyApp.Core.Domain.Rules.csproj", "{8ABB0FF9-E41A-47CB-83E9-895F2099AF15}"
EndProject
Project("{9A19103F-16F7-4668-BE54-9A1E7A4F7556}") = "MyApp.Infrastructure.Data.Migrations", "Application.Infrastructure\MyApp.Infrastructure.Data.Migrations\MyApp.Infrastructure.Data.Migrations.csproj", "{F992E6D4-0690-4AF9-ADD8-BD3E7D00C7AA}"
EndProject
Project("{9A19103F-16F7-4668-BE54-9A1E7A4F7556}") = "MyApp.Infrastructure.ExternalServices", "Application.Infrastructure\MyApp.ExternalServices\MyApp.Infrastructure.ExternalServices.csproj", "{3954B9C6-EFAD-4248-B314-85DBC049214F}"
EndProject
Project("{9A19103F-16F7-4668-BE54-9A1E7A4F7556}") = "MyApp.Services", "Presentation\MyApp.Services\MyApp.Services.csproj", "{9087150E-1D02-4964-B371-AFB1F3A154C1}"
EndProject
Project("{9A19103F-16F7-4668-BE54-9A1E7A4F7556}") = "MyApp.Infrastructure.Common", "Application.Infrastructure\MyApp.Infrastructure.Common\MyApp.Infrastructure.Common.csproj", "{92776C80-2665-4221-8D15-C31F66A2A68F}"
EndProject
Project("{FAE04EC0-301F-11D3-BF4B-00C04F79EFBC}") = "MyApp.Mapping", "Presentation\MyApp.Mapping\MyApp.Mapping.csproj", "{3EE01FD7-A97A-4A25-BC2F-8254724EE42B}"
EndProject
Global
	GlobalSection(SolutionConfigurationPlatforms) = preSolution
		Debug|Any CPU = Debug|Any CPU
		Release|Any CPU = Release|Any CPU
	EndGlobalSection
	GlobalSection(ProjectConfigurationPlatforms) = postSolution
		{4E12ABA9-47F9-41C9-AD65-0E4D8E9EA5C2}.Debug|Any CPU.ActiveCfg = Debug|Any CPU
		{4E12ABA9-47F9-41C9-AD65-0E4D8E9EA5C2}.Debug|Any CPU.Build.0 = Debug|Any CPU
		{4E12ABA9-47F9-41C9-AD65-0E4D8E9EA5C2}.Release|Any CPU.ActiveCfg = Release|Any CPU
		{4E12ABA9-47F9-41C9-AD65-0E4D8E9EA5C2}.Release|Any CPU.Build.0 = Release|Any CPU
		{69C94AAC-DD76-4453-9E9F-4BB746D386BF}.Debug|Any CPU.ActiveCfg = Debug|Any CPU
		{69C94AAC-DD76-4453-9E9F-4BB746D386BF}.Debug|Any CPU.Build.0 = Debug|Any CPU
		{69C94AAC-DD76-4453-9E9F-4BB746D386BF}.Release|Any CPU.ActiveCfg = Release|Any CPU
		{69C94AAC-DD76-4453-9E9F-4BB746D386BF}.Release|Any CPU.Build.0 = Release|Any CPU
		{A4344FAD-62C3-4CE0-A92D-C18B1F69CF47}.Debug|Any CPU.ActiveCfg = Debug|Any CPU
		{A4344FAD-62C3-4CE0-A92D-C18B1F69CF47}.Debug|Any CPU.Build.0 = Debug|Any CPU
		{A4344FAD-62C3-4CE0-A92D-C18B1F69CF47}.Release|Any CPU.ActiveCfg = Release|Any CPU
		{A4344FAD-62C3-4CE0-A92D-C18B1F69CF47}.Release|Any CPU.Build.0 = Release|Any CPU
		{4C18B166-B7F4-477F-A4A6-F2CD9F09BEF3}.Debug|Any CPU.ActiveCfg = Debug|Any CPU
		{4C18B166-B7F4-477F-A4A6-F2CD9F09BEF3}.Debug|Any CPU.Build.0 = Debug|Any CPU
		{4C18B166-B7F4-477F-A4A6-F2CD9F09BEF3}.Release|Any CPU.ActiveCfg = Release|Any CPU
		{4C18B166-B7F4-477F-A4A6-F2CD9F09BEF3}.Release|Any CPU.Build.0 = Release|Any CPU
		{13C6CBB0-350A-441B-9385-3AE7A47E5D63}.Debug|Any CPU.ActiveCfg = Debug|Any CPU
		{13C6CBB0-350A-441B-9385-3AE7A47E5D63}.Debug|Any CPU.Build.0 = Debug|Any CPU
		{13C6CBB0-350A-441B-9385-3AE7A47E5D63}.Release|Any CPU.ActiveCfg = Release|Any CPU
		{13C6CBB0-350A-441B-9385-3AE7A47E5D63}.Release|Any CPU.Build.0 = Release|Any CPU
		{C4B9635F-D272-4E1E-96F6-143ED3090CBD}.Debug|Any CPU.ActiveCfg = Debug|Any CPU
		{C4B9635F-D272-4E1E-96F6-143ED3090CBD}.Debug|Any CPU.Build.0 = Debug|Any CPU
		{C4B9635F-D272-4E1E-96F6-143ED3090CBD}.Release|Any CPU.ActiveCfg = Release|Any CPU
		{C4B9635F-D272-4E1E-96F6-143ED3090CBD}.Release|Any CPU.Build.0 = Release|Any CPU
		{D75359DC-4A4B-4BCF-B419-6CC9F7E7E1F9}.Debug|Any CPU.ActiveCfg = Debug|Any CPU
		{D75359DC-4A4B-4BCF-B419-6CC9F7E7E1F9}.Debug|Any CPU.Build.0 = Debug|Any CPU
		{D75359DC-4A4B-4BCF-B419-6CC9F7E7E1F9}.Release|Any CPU.ActiveCfg = Release|Any CPU
		{D75359DC-4A4B-4BCF-B419-6CC9F7E7E1F9}.Release|Any CPU.Build.0 = Release|Any CPU
		{E1F06304-B204-4DD3-BD31-E9A5B37F71D9}.Debug|Any CPU.ActiveCfg = Debug|Any CPU
		{E1F06304-B204-4DD3-BD31-E9A5B37F71D9}.Debug|Any CPU.Build.0 = Debug|Any CPU
		{E1F06304-B204-4DD3-BD31-E9A5B37F71D9}.Release|Any CPU.ActiveCfg = Release|Any CPU
		{E1F06304-B204-4DD3-BD31-E9A5B37F71D9}.Release|Any CPU.Build.0 = Release|Any CPU
		{8ABB0FF9-E41A-47CB-83E9-895F2099AF15}.Debug|Any CPU.ActiveCfg = Debug|Any CPU
		{8ABB0FF9-E41A-47CB-83E9-895F2099AF15}.Debug|Any CPU.Build.0 = Debug|Any CPU
		{8ABB0FF9-E41A-47CB-83E9-895F2099AF15}.Release|Any CPU.ActiveCfg = Release|Any CPU
		{8ABB0FF9-E41A-47CB-83E9-895F2099AF15}.Release|Any CPU.Build.0 = Release|Any CPU
		{F992E6D4-0690-4AF9-ADD8-BD3E7D00C7AA}.Debug|Any CPU.ActiveCfg = Debug|Any CPU
		{F992E6D4-0690-4AF9-ADD8-BD3E7D00C7AA}.Debug|Any CPU.Build.0 = Debug|Any CPU
		{F992E6D4-0690-4AF9-ADD8-BD3E7D00C7AA}.Release|Any CPU.ActiveCfg = Release|Any CPU
		{F992E6D4-0690-4AF9-ADD8-BD3E7D00C7AA}.Release|Any CPU.Build.0 = Release|Any CPU
		{3954B9C6-EFAD-4248-B314-85DBC049214F}.Debug|Any CPU.ActiveCfg = Debug|Any CPU
		{3954B9C6-EFAD-4248-B314-85DBC049214F}.Debug|Any CPU.Build.0 = Debug|Any CPU
		{3954B9C6-EFAD-4248-B314-85DBC049214F}.Release|Any CPU.ActiveCfg = Release|Any CPU
		{3954B9C6-EFAD-4248-B314-85DBC049214F}.Release|Any CPU.Build.0 = Release|Any CPU
		{9087150E-1D02-4964-B371-AFB1F3A154C1}.Debug|Any CPU.ActiveCfg = Debug|Any CPU
		{9087150E-1D02-4964-B371-AFB1F3A154C1}.Debug|Any CPU.Build.0 = Debug|Any CPU
		{9087150E-1D02-4964-B371-AFB1F3A154C1}.Release|Any CPU.ActiveCfg = Release|Any CPU
		{9087150E-1D02-4964-B371-AFB1F3A154C1}.Release|Any CPU.Build.0 = Release|Any CPU
		{92776C80-2665-4221-8D15-C31F66A2A68F}.Debug|Any CPU.ActiveCfg = Debug|Any CPU
		{92776C80-2665-4221-8D15-C31F66A2A68F}.Debug|Any CPU.Build.0 = Debug|Any CPU
		{92776C80-2665-4221-8D15-C31F66A2A68F}.Release|Any CPU.ActiveCfg = Release|Any CPU
		{92776C80-2665-4221-8D15-C31F66A2A68F}.Release|Any CPU.Build.0 = Release|Any CPU
		{3EE01FD7-A97A-4A25-BC2F-8254724EE42B}.Debug|Any CPU.ActiveCfg = Debug|Any CPU
		{3EE01FD7-A97A-4A25-BC2F-8254724EE42B}.Debug|Any CPU.Build.0 = Debug|Any CPU
		{3EE01FD7-A97A-4A25-BC2F-8254724EE42B}.Release|Any CPU.ActiveCfg = Release|Any CPU
		{3EE01FD7-A97A-4A25-BC2F-8254724EE42B}.Release|Any CPU.Build.0 = Release|Any CPU
	EndGlobalSection
	GlobalSection(SolutionProperties) = preSolution
		HideSolutionNode = FALSE
	EndGlobalSection
	GlobalSection(NestedProjects) = preSolution
		{4E12ABA9-47F9-41C9-AD65-0E4D8E9EA5C2} = {F57A6907-7979-4A6A-80D8-B59DA6FDAA87}
		{69C94AAC-DD76-4453-9E9F-4BB746D386BF} = {F57A6907-7979-4A6A-80D8-B59DA6FDAA87}
		{A4344FAD-62C3-4CE0-A92D-C18B1F69CF47} = {F57A6907-7979-4A6A-80D8-B59DA6FDAA87}
		{4C18B166-B7F4-477F-A4A6-F2CD9F09BEF3} = {B85B3CC0-2839-451C-9FAA-4FED2AEB133B}
		{13C6CBB0-350A-441B-9385-3AE7A47E5D63} = {B85B3CC0-2839-451C-9FAA-4FED2AEB133B}
		{C4B9635F-D272-4E1E-96F6-143ED3090CBD} = {C498E528-94C9-430F-989E-674EA42FBFC5}
		{D75359DC-4A4B-4BCF-B419-6CC9F7E7E1F9} = {C498E528-94C9-430F-989E-674EA42FBFC5}
		{E1F06304-B204-4DD3-BD31-E9A5B37F71D9} = {C498E528-94C9-430F-989E-674EA42FBFC5}
		{8ABB0FF9-E41A-47CB-83E9-895F2099AF15} = {F57A6907-7979-4A6A-80D8-B59DA6FDAA87}
		{F992E6D4-0690-4AF9-ADD8-BD3E7D00C7AA} = {B85B3CC0-2839-451C-9FAA-4FED2AEB133B}
		{3954B9C6-EFAD-4248-B314-85DBC049214F} = {B85B3CC0-2839-451C-9FAA-4FED2AEB133B}
		{9087150E-1D02-4964-B371-AFB1F3A154C1} = {C498E528-94C9-430F-989E-674EA42FBFC5}
		{92776C80-2665-4221-8D15-C31F66A2A68F} = {B85B3CC0-2839-451C-9FAA-4FED2AEB133B}
		{3EE01FD7-A97A-4A25-BC2F-8254724EE42B} = {C498E528-94C9-430F-989E-674EA42FBFC5}
	EndGlobalSection
	GlobalSection(ExtensibilityGlobals) = postSolution
		SolutionGuid = {8CD87F3F-3407-4CBE-9B36-F9098AEF9979}
	EndGlobalSection
EndGlobal
