
Microsoft Visual Studio Solution File, Format Version 12.00
# Visual Studio 15
VisualStudioVersion = 15.0.27703.2026
MinimumVisualStudioVersion = 10.0.40219.1
Project("{9A19103F-16F7-4668-BE54-9A1E7A4F7556}") = "SPA", "SPA\SPA.csproj", "{744EB844-CDBA-4C4E-9AD8-E8FCF463D30B}"
EndProject
Project("{9A19103F-16F7-4668-BE54-9A1E7A4F7556}") = "MyApp.Core", "MyApp.Core\MyApp.Core.csproj", "{969B1933-31F0-4DF3-8380-780189612070}"
EndProject
Project("{9A19103F-16F7-4668-BE54-9A1E7A4F7556}") = "MyApp.Core.Domain.Services", "MyApp.Services\MyApp.Core.Domain.Services.csproj", "{9AC0F3FA-B7BB-4FCF-9C9A-C33A0ACF52DC}"
EndProject
Project("{9A19103F-16F7-4668-BE54-9A1E7A4F7556}") = "MyApp.Infrastructure.Data", "MyApp.Data\MyApp.Infrastructure.Data.csproj", "{3FD84021-22E3-4D8D-8859-4571FAD198CD}"
EndProject
Project("{2150E333-8FDC-42A3-9474-1A3956D46DE8}") = "Plugins", "Plugins", "{CE379C94-4B48-432E-9AA7-E0D96BC0C837}"
EndProject
Project("{9A19103F-16F7-4668-BE54-9A1E7A4F7556}") = "MyApp.Plugins.Api", "Plugins\MyApp.Plugins.Api\MyApp.Plugins.Api.csproj", "{97BAF821-15AA-482B-8FD1-3FFE2C91F382}"
EndProject
Project("{9A19103F-16F7-4668-BE54-9A1E7A4F7556}") = "MyApp.IdentityServer", "MyApp.IdentityServer\MyApp.IdentityServer.csproj", "{504060EF-8791-4A95-90A2-C7898B995EEE}"
EndProject
Project("{2150E333-8FDC-42A3-9474-1A3956D46DE8}") = "Core", "Core", "{F57A6907-7979-4A6A-80D8-B59DA6FDAA87}"
EndProject
Project("{2150E333-8FDC-42A3-9474-1A3956D46DE8}") = "Infrastructure", "Infrastructure", "{B85B3CC0-2839-451C-9FAA-4FED2AEB133B}"
EndProject
Project("{9A19103F-16F7-4668-BE54-9A1E7A4F7556}") = "MyApp.Infrastructure.Cache", "MyApp.Cache\MyApp.Infrastructure.Cache.csproj", "{00D090EC-E222-435F-8C9B-EEAA9173C4CF}"
EndProject
Project("{2150E333-8FDC-42A3-9474-1A3956D46DE8}") = "WebApp", "WebApp", "{C498E528-94C9-430F-989E-674EA42FBFC5}"
EndProject
Project("{9A19103F-16F7-4668-BE54-9A1E7A4F7556}") = "MyApp.Infrastructure.ExternalServices", "MyApp.ExternalServices\MyApp.Infrastructure.ExternalServices.csproj", "{92DEA619-ED59-4C69-A9B7-9E9A7A3326E7}"
EndProject
Project("{9A19103F-16F7-4668-BE54-9A1E7A4F7556}") = "MyApp.Infrastructure.Common", "MyApp.Common\MyApp.Infrastructure.Common.csproj", "{4AFFB968-54FC-4F8B-BD1A-FB14A9F85EB1}"
EndProject
Project("{9A19103F-16F7-4668-BE54-9A1E7A4F7556}") = "MyApp.Core.Domain", "MyApp.Core.Domain\MyApp.Core.Domain.csproj", "{78ED69E7-084B-4689-9839-994A4A2C018E}"
EndProject
Project("{2150E333-8FDC-42A3-9474-1A3956D46DE8}") = "Tests", "Tests", "{7AFEC2DE-F11E-45C8-B8ED-DC3619DD2135}"
EndProject
Project("{FAE04EC0-301F-11D3-BF4B-00C04F79EFBC}") = "MyApp.Web.Framework", "MyApp.Web.Framework\MyApp.Web.Framework.csproj", "{C090F3C2-49D9-4C5C-BDEA-2BC33ED9C735}"
EndProject
Global
	GlobalSection(SolutionConfigurationPlatforms) = preSolution
		Debug|Any CPU = Debug|Any CPU
		Release|Any CPU = Release|Any CPU
	EndGlobalSection
	GlobalSection(ProjectConfigurationPlatforms) = postSolution
		{744EB844-CDBA-4C4E-9AD8-E8FCF463D30B}.Debug|Any CPU.ActiveCfg = Debug|Any CPU
		{744EB844-CDBA-4C4E-9AD8-E8FCF463D30B}.Debug|Any CPU.Build.0 = Debug|Any CPU
		{744EB844-CDBA-4C4E-9AD8-E8FCF463D30B}.Release|Any CPU.ActiveCfg = Release|Any CPU
		{744EB844-CDBA-4C4E-9AD8-E8FCF463D30B}.Release|Any CPU.Build.0 = Release|Any CPU
		{969B1933-31F0-4DF3-8380-780189612070}.Debug|Any CPU.ActiveCfg = Debug|Any CPU
		{969B1933-31F0-4DF3-8380-780189612070}.Debug|Any CPU.Build.0 = Debug|Any CPU
		{969B1933-31F0-4DF3-8380-780189612070}.Release|Any CPU.ActiveCfg = Release|Any CPU
		{969B1933-31F0-4DF3-8380-780189612070}.Release|Any CPU.Build.0 = Release|Any CPU
		{9AC0F3FA-B7BB-4FCF-9C9A-C33A0ACF52DC}.Debug|Any CPU.ActiveCfg = Debug|Any CPU
		{9AC0F3FA-B7BB-4FCF-9C9A-C33A0ACF52DC}.Debug|Any CPU.Build.0 = Debug|Any CPU
		{9AC0F3FA-B7BB-4FCF-9C9A-C33A0ACF52DC}.Release|Any CPU.ActiveCfg = Release|Any CPU
		{9AC0F3FA-B7BB-4FCF-9C9A-C33A0ACF52DC}.Release|Any CPU.Build.0 = Release|Any CPU
		{3FD84021-22E3-4D8D-8859-4571FAD198CD}.Debug|Any CPU.ActiveCfg = Debug|Any CPU
		{3FD84021-22E3-4D8D-8859-4571FAD198CD}.Debug|Any CPU.Build.0 = Debug|Any CPU
		{3FD84021-22E3-4D8D-8859-4571FAD198CD}.Release|Any CPU.ActiveCfg = Release|Any CPU
		{3FD84021-22E3-4D8D-8859-4571FAD198CD}.Release|Any CPU.Build.0 = Release|Any CPU
		{97BAF821-15AA-482B-8FD1-3FFE2C91F382}.Debug|Any CPU.ActiveCfg = Debug|Any CPU
		{97BAF821-15AA-482B-8FD1-3FFE2C91F382}.Debug|Any CPU.Build.0 = Debug|Any CPU
		{97BAF821-15AA-482B-8FD1-3FFE2C91F382}.Release|Any CPU.ActiveCfg = Release|Any CPU
		{97BAF821-15AA-482B-8FD1-3FFE2C91F382}.Release|Any CPU.Build.0 = Release|Any CPU
		{504060EF-8791-4A95-90A2-C7898B995EEE}.Debug|Any CPU.ActiveCfg = Debug|Any CPU
		{504060EF-8791-4A95-90A2-C7898B995EEE}.Debug|Any CPU.Build.0 = Debug|Any CPU
		{504060EF-8791-4A95-90A2-C7898B995EEE}.Release|Any CPU.ActiveCfg = Release|Any CPU
		{504060EF-8791-4A95-90A2-C7898B995EEE}.Release|Any CPU.Build.0 = Release|Any CPU
		{00D090EC-E222-435F-8C9B-EEAA9173C4CF}.Debug|Any CPU.ActiveCfg = Debug|Any CPU
		{00D090EC-E222-435F-8C9B-EEAA9173C4CF}.Debug|Any CPU.Build.0 = Debug|Any CPU
		{00D090EC-E222-435F-8C9B-EEAA9173C4CF}.Release|Any CPU.ActiveCfg = Release|Any CPU
		{00D090EC-E222-435F-8C9B-EEAA9173C4CF}.Release|Any CPU.Build.0 = Release|Any CPU
		{92DEA619-ED59-4C69-A9B7-9E9A7A3326E7}.Debug|Any CPU.ActiveCfg = Debug|Any CPU
		{92DEA619-ED59-4C69-A9B7-9E9A7A3326E7}.Debug|Any CPU.Build.0 = Debug|Any CPU
		{92DEA619-ED59-4C69-A9B7-9E9A7A3326E7}.Release|Any CPU.ActiveCfg = Release|Any CPU
		{92DEA619-ED59-4C69-A9B7-9E9A7A3326E7}.Release|Any CPU.Build.0 = Release|Any CPU
		{4AFFB968-54FC-4F8B-BD1A-FB14A9F85EB1}.Debug|Any CPU.ActiveCfg = Debug|Any CPU
		{4AFFB968-54FC-4F8B-BD1A-FB14A9F85EB1}.Debug|Any CPU.Build.0 = Debug|Any CPU
		{4AFFB968-54FC-4F8B-BD1A-FB14A9F85EB1}.Release|Any CPU.ActiveCfg = Release|Any CPU
		{4AFFB968-54FC-4F8B-BD1A-FB14A9F85EB1}.Release|Any CPU.Build.0 = Release|Any CPU
		{78ED69E7-084B-4689-9839-994A4A2C018E}.Debug|Any CPU.ActiveCfg = Debug|Any CPU
		{78ED69E7-084B-4689-9839-994A4A2C018E}.Debug|Any CPU.Build.0 = Debug|Any CPU
		{78ED69E7-084B-4689-9839-994A4A2C018E}.Release|Any CPU.ActiveCfg = Release|Any CPU
		{78ED69E7-084B-4689-9839-994A4A2C018E}.Release|Any CPU.Build.0 = Release|Any CPU
		{C090F3C2-49D9-4C5C-BDEA-2BC33ED9C735}.Debug|Any CPU.ActiveCfg = Debug|Any CPU
		{C090F3C2-49D9-4C5C-BDEA-2BC33ED9C735}.Debug|Any CPU.Build.0 = Debug|Any CPU
		{C090F3C2-49D9-4C5C-BDEA-2BC33ED9C735}.Release|Any CPU.ActiveCfg = Release|Any CPU
		{C090F3C2-49D9-4C5C-BDEA-2BC33ED9C735}.Release|Any CPU.Build.0 = Release|Any CPU
	EndGlobalSection
	GlobalSection(SolutionProperties) = preSolution
		HideSolutionNode = FALSE
	EndGlobalSection
	GlobalSection(NestedProjects) = preSolution
		{744EB844-CDBA-4C4E-9AD8-E8FCF463D30B} = {C498E528-94C9-430F-989E-674EA42FBFC5}
		{969B1933-31F0-4DF3-8380-780189612070} = {F57A6907-7979-4A6A-80D8-B59DA6FDAA87}
		{9AC0F3FA-B7BB-4FCF-9C9A-C33A0ACF52DC} = {F57A6907-7979-4A6A-80D8-B59DA6FDAA87}
		{3FD84021-22E3-4D8D-8859-4571FAD198CD} = {B85B3CC0-2839-451C-9FAA-4FED2AEB133B}
		{97BAF821-15AA-482B-8FD1-3FFE2C91F382} = {CE379C94-4B48-432E-9AA7-E0D96BC0C837}
		{504060EF-8791-4A95-90A2-C7898B995EEE} = {C498E528-94C9-430F-989E-674EA42FBFC5}
		{00D090EC-E222-435F-8C9B-EEAA9173C4CF} = {B85B3CC0-2839-451C-9FAA-4FED2AEB133B}
		{92DEA619-ED59-4C69-A9B7-9E9A7A3326E7} = {B85B3CC0-2839-451C-9FAA-4FED2AEB133B}
		{4AFFB968-54FC-4F8B-BD1A-FB14A9F85EB1} = {B85B3CC0-2839-451C-9FAA-4FED2AEB133B}
		{78ED69E7-084B-4689-9839-994A4A2C018E} = {F57A6907-7979-4A6A-80D8-B59DA6FDAA87}
		{C090F3C2-49D9-4C5C-BDEA-2BC33ED9C735} = {C498E528-94C9-430F-989E-674EA42FBFC5}
	EndGlobalSection
	GlobalSection(ExtensibilityGlobals) = postSolution
		SolutionGuid = {8CD87F3F-3407-4CBE-9B36-F9098AEF9979}
	EndGlobalSection
EndGlobal
