
Microsoft Visual Studio Solution File, Format Version 12.00
# Visual Studio 15
VisualStudioVersion = 15.0.27703.2026
MinimumVisualStudioVersion = 10.0.40219.1
Project("{FAE04EC0-301F-11D3-BF4B-00C04F79EFBC}") = "SPA", "SPA\SPA.csproj", "{744EB844-CDBA-4C4E-9AD8-E8FCF463D30B}"
EndProject
Global
	GlobalSection(SolutionConfigurationPlatforms) = preSolution
		Debug|Any CPU = Debug|Any CPU
		Release|Any CPU = Release|Any CPU
	EndGlobalSection
	GlobalSection(ProjectConfigurationPlatforms) = postSolution
		{744EB844-CDBA-4C4E-9AD8-E8FCF463D30B}.Debug|Any CPU.ActiveCfg = Debug|Any CPU
		{744EB844-CDBA-4C4E-9AD8-E8FCF463D30B}.Debug|Any CPU.Build.0 = Debug|Any CPU
		{744EB844-CDBA-4C4E-9AD8-E8FCF463D30B}.Release|Any CPU.ActiveCfg = Release|Any CPU
		{744EB844-CDBA-4C4E-9AD8-E8FCF463D30B}.Release|Any CPU.Build.0 = Release|Any CPU
	EndGlobalSection
	GlobalSection(SolutionProperties) = preSolution
		HideSolutionNode = FALSE
	EndGlobalSection
	GlobalSection(ExtensibilityGlobals) = postSolution
		SolutionGuid = {8CD87F3F-3407-4CBE-9B36-F9098AEF9979}
	EndGlobalSection
EndGlobal
